
Microsoft Visual Studio Solution File, Format Version 12.00
# Visual Studio Version 17
VisualStudioVersion = 17.5.002.0
MinimumVisualStudioVersion = 10.0.40219.1
Project("{9A19103F-16F7-4668-BE54-9A1E7A4F7556}") = "cs-magiconion-client", "cs-magiconion-client.csproj", "{9CAF8FB9-C5F1-47EB-A8E6-928650E196E7}"
EndProject
Global
	GlobalSection(SolutionConfigurationPlatforms) = preSolution
		Debug|Any CPU = Debug|Any CPU
		Release|Any CPU = Release|Any CPU
	EndGlobalSection
	GlobalSection(ProjectConfigurationPlatforms) = postSolution
		{9CAF8FB9-C5F1-47EB-A8E6-928650E196E7}.Debug|Any CPU.ActiveCfg = Debug|Any CPU
		{9CAF8FB9-C5F1-47EB-A8E6-928650E196E7}.Debug|Any CPU.Build.0 = Debug|Any CPU
		{9CAF8FB9-C5F1-47EB-A8E6-928650E196E7}.Release|Any CPU.ActiveCfg = Release|Any CPU
		{9CAF8FB9-C5F1-47EB-A8E6-928650E196E7}.Release|Any CPU.Build.0 = Release|Any CPU
	EndGlobalSection
	GlobalSection(SolutionProperties) = preSolution
		HideSolutionNode = FALSE
	EndGlobalSection
	GlobalSection(ExtensibilityGlobals) = postSolution
		SolutionGuid = {5A20CBD6-C1C9-4DFF-8A7F-5CA1717B118E}
	EndGlobalSection
EndGlobal
